{
  "originHash" : "71951dd4cbefdf5c8599bd6f18420c8b2ad10874f726f10d45b202539176d6cb",
  "pins" : [
    {
      "identity" : "plate",
      "kind" : "remoteSourceControl",
      "location" : "https://github.com/leviouwendijk/plate.git",
      "state" : {
        "branch" : "master",
        "revision" : "a6eb6b6627756e75b2c75a23c35e28cb65e2fbdb"
      }
    }
  ],
  "version" : 3
}
