{
  "originHash" : "380fd829a2dd5b753ac7760099f14fa5ecadc13c98589cea3d2fda5abf0f3027",
  "pins" : [
    {
      "identity" : "plate",
      "kind" : "remoteSourceControl",
      "location" : "https://github.com/leviouwendijk/plate.git",
      "state" : {
        "branch" : "master",
        "revision" : "d2ce5e9a519143d5176ebbf35270c564c947df40"
      }
    }
  ],
  "version" : 3
}
